
Microsoft Visual Studio Solution File, Format Version 12.00
# Visual Studio Version 16
VisualStudioVersion = 16.0.30621.155
MinimumVisualStudioVersion = 10.0.40219.1
Project("{FAE04EC0-301F-11D3-BF4B-00C04F79EFBC}") = "MyDSLTestProject", "MyDSLTestProject\MyDSLTestProject.csproj", "{91667D80-C85D-4BD2-B7F2-FA3969316A24}"
EndProject
Global
	GlobalSection(SolutionConfigurationPlatforms) = preSolution
		Debug|Any CPU = Debug|Any CPU
		Release|Any CPU = Release|Any CPU
	EndGlobalSection
	GlobalSection(ProjectConfigurationPlatforms) = postSolution
		{91667D80-C85D-4BD2-B7F2-FA3969316A24}.Debug|Any CPU.ActiveCfg = Debug|Any CPU
		{91667D80-C85D-4BD2-B7F2-FA3969316A24}.Debug|Any CPU.Build.0 = Debug|Any CPU
		{91667D80-C85D-4BD2-B7F2-FA3969316A24}.Release|Any CPU.ActiveCfg = Release|Any CPU
		{91667D80-C85D-4BD2-B7F2-FA3969316A24}.Release|Any CPU.Build.0 = Release|Any CPU
	EndGlobalSection
	GlobalSection(SolutionProperties) = preSolution
		HideSolutionNode = FALSE
	EndGlobalSection
	GlobalSection(ExtensibilityGlobals) = postSolution
		SolutionGuid = {209255A5-321D-4125-AA71-6C4B33F3D76B}
	EndGlobalSection
EndGlobal
